
Microsoft Visual Studio Solution File, Format Version 12.00
# Visual Studio 14
VisualStudioVersion = 14.0.25420.1
MinimumVisualStudioVersion = 10.0.40219.1
Project("{FAE04EC0-301F-11D3-BF4B-00C04F79EFBC}") = "1.Money", "1.Money\1.Money.csproj", "{868D1D6A-311C-4F39-BB31-CB572B5CD150}"
EndProject
Project("{FAE04EC0-301F-11D3-BF4B-00C04F79EFBC}") = "3. Match Tickets", "03. Match Tickets\3. Match Tickets.csproj", "{A9A0C6A4-0051-47B8-BDBF-68996F00B05F}"
EndProject
Project("{FAE04EC0-301F-11D3-BF4B-00C04F79EFBC}") = "4. Back To The Past", "4. Back To The Past\4. Back To The Past.csproj", "{511EA6A5-9116-4417-9D00-5AB81DC98AD3}"
EndProject
Global
	GlobalSection(SolutionConfigurationPlatforms) = preSolution
		Debug|Any CPU = Debug|Any CPU
		Release|Any CPU = Release|Any CPU
	EndGlobalSection
	GlobalSection(ProjectConfigurationPlatforms) = postSolution
		{868D1D6A-311C-4F39-BB31-CB572B5CD150}.Debug|Any CPU.ActiveCfg = Debug|Any CPU
		{868D1D6A-311C-4F39-BB31-CB572B5CD150}.Debug|Any CPU.Build.0 = Debug|Any CPU
		{868D1D6A-311C-4F39-BB31-CB572B5CD150}.Release|Any CPU.ActiveCfg = Release|Any CPU
		{868D1D6A-311C-4F39-BB31-CB572B5CD150}.Release|Any CPU.Build.0 = Release|Any CPU
		{A9A0C6A4-0051-47B8-BDBF-68996F00B05F}.Debug|Any CPU.ActiveCfg = Debug|Any CPU
		{A9A0C6A4-0051-47B8-BDBF-68996F00B05F}.Debug|Any CPU.Build.0 = Debug|Any CPU
		{A9A0C6A4-0051-47B8-BDBF-68996F00B05F}.Release|Any CPU.ActiveCfg = Release|Any CPU
		{A9A0C6A4-0051-47B8-BDBF-68996F00B05F}.Release|Any CPU.Build.0 = Release|Any CPU
		{511EA6A5-9116-4417-9D00-5AB81DC98AD3}.Debug|Any CPU.ActiveCfg = Debug|Any CPU
		{511EA6A5-9116-4417-9D00-5AB81DC98AD3}.Debug|Any CPU.Build.0 = Debug|Any CPU
		{511EA6A5-9116-4417-9D00-5AB81DC98AD3}.Release|Any CPU.ActiveCfg = Release|Any CPU
		{511EA6A5-9116-4417-9D00-5AB81DC98AD3}.Release|Any CPU.Build.0 = Release|Any CPU
	EndGlobalSection
	GlobalSection(SolutionProperties) = preSolution
		HideSolutionNode = FALSE
	EndGlobalSection
EndGlobal
