
Microsoft Visual Studio Solution File, Format Version 12.00
# Visual Studio 14
VisualStudioVersion = 14.0.25420.1
MinimumVisualStudioVersion = 10.0.40219.1
Project("{FAE04EC0-301F-11D3-BF4B-00C04F79EFBC}") = "Diamond", "Diamond\Diamond.csproj", "{BCF54B05-D0E6-4DF2-A906-6AF5879248F8}"
EndProject
Project("{FAE04EC0-301F-11D3-BF4B-00C04F79EFBC}") = "Stop Number", "Stop Number\Stop Number.csproj", "{2BC7E1E5-F27C-495E-9702-80E8BBB098E5}"
EndProject
Project("{FAE04EC0-301F-11D3-BF4B-00C04F79EFBC}") = "House Price-20.11.16", "House Price-20.11.16\House Price-20.11.16.csproj", "{A0B9B3DC-2E0F-4303-B048-EED42FFB59EA}"
EndProject
Project("{FAE04EC0-301F-11D3-BF4B-00C04F79EFBC}") = "Flower Shop-20.11.16", "Flower Shop\Flower Shop-20.11.16.csproj", "{6CF4C342-B1C3-461D-99AE-A6176759291D}"
EndProject
Project("{FAE04EC0-301F-11D3-BF4B-00C04F79EFBC}") = "Bike Race-20.11.16", "Bike Race-20.11.16\Bike Race-20.11.16.csproj", "{0E0125A9-AD96-4E99-9C50-E7410C899C98}"
EndProject
Project("{FAE04EC0-301F-11D3-BF4B-00C04F79EFBC}") = "Logistics-20.11.16", "Logistics-20.11.16\Logistics-20.11.16.csproj", "{69E7A5E4-F638-4D30-A7FD-EA4777A8B345}"
EndProject
Project("{FAE04EC0-301F-11D3-BF4B-00C04F79EFBC}") = "Rocket-20.11.16", "Rocket-20.11.16\Rocket-20.11.16.csproj", "{DCA697D0-EAA9-45C9-9B9D-F2B126FB36C8}"
EndProject
Project("{FAE04EC0-301F-11D3-BF4B-00C04F79EFBC}") = "Max Combination-20.11.16", "Max Combination-20.11.16\Max Combination-20.11.16.csproj", "{D73F76A4-F342-413E-9163-373297B51F09}"
EndProject
Project("{FAE04EC0-301F-11D3-BF4B-00C04F79EFBC}") = "Fishland-20.11.16", "Fishland\Fishland-20.11.16.csproj", "{F714F29D-8CF7-439B-B6B3-C73E51E402F5}"
EndProject
Project("{FAE04EC0-301F-11D3-BF4B-00C04F79EFBC}") = "Pets-20.11.16", "Pets-20.11.16\Pets-20.11.16.csproj", "{A06D7FAF-D6DE-4F16-8AD5-E4BEF401A5F4}"
EndProject
Project("{FAE04EC0-301F-11D3-BF4B-00C04F79EFBC}") = "Vacation-20.11.16", "Vacation\Vacation-20.11.16.csproj", "{288041F2-D1C4-41CF-915B-E360261DAB07}"
EndProject
Project("{FAE04EC0-301F-11D3-BF4B-00C04F79EFBC}") = "SoftUni Camp-20.11.16", "SoftUni Camp-20.11.16\SoftUni Camp-20.11.16.csproj", "{98463F87-5BCD-4D44-8FD5-B3A01675ADED}"
EndProject
Project("{FAE04EC0-301F-11D3-BF4B-00C04F79EFBC}") = "Fox-20.11.16", "Fox-20.11.16\Fox-20.11.16.csproj", "{DC314BE9-2B9E-4AB5-A005-CCA3E0580CD3}"
EndProject
Project("{FAE04EC0-301F-11D3-BF4B-00C04F79EFBC}") = "Battles-20.11.16", "Battles-20.11.16\Battles-20.11.16.csproj", "{9A5084B0-216C-4964-9BD6-2619CDCF9561}"
EndProject
Project("{FAE04EC0-301F-11D3-BF4B-00C04F79EFBC}") = "Брадва-28.08.16", "Брадва-28.08.16\Брадва-28.08.16.csproj", "{91F11E9E-2B46-4763-BCC9-51C7679DB366}"
EndProject
Project("{FAE04EC0-301F-11D3-BF4B-00C04F79EFBC}") = "Цифри-28.08.16", "Цифри-28.08.16\Цифри-28.08.16.csproj", "{AAAEDA97-09B7-4CC5-A315-45F49A632061}"
EndProject
Project("{FAE04EC0-301F-11D3-BF4B-00C04F79EFBC}") = "Triangle Area-Jan", "Triangle Area-Jan\Triangle Area-Jan.csproj", "{3ADFA94F-DB19-4DCE-9677-EB3713FF49A7}"
EndProject
Global
	GlobalSection(SolutionConfigurationPlatforms) = preSolution
		Debug|Any CPU = Debug|Any CPU
		Release|Any CPU = Release|Any CPU
	EndGlobalSection
	GlobalSection(ProjectConfigurationPlatforms) = postSolution
		{BCF54B05-D0E6-4DF2-A906-6AF5879248F8}.Debug|Any CPU.ActiveCfg = Debug|Any CPU
		{BCF54B05-D0E6-4DF2-A906-6AF5879248F8}.Debug|Any CPU.Build.0 = Debug|Any CPU
		{BCF54B05-D0E6-4DF2-A906-6AF5879248F8}.Release|Any CPU.ActiveCfg = Release|Any CPU
		{BCF54B05-D0E6-4DF2-A906-6AF5879248F8}.Release|Any CPU.Build.0 = Release|Any CPU
		{2BC7E1E5-F27C-495E-9702-80E8BBB098E5}.Debug|Any CPU.ActiveCfg = Debug|Any CPU
		{2BC7E1E5-F27C-495E-9702-80E8BBB098E5}.Debug|Any CPU.Build.0 = Debug|Any CPU
		{2BC7E1E5-F27C-495E-9702-80E8BBB098E5}.Release|Any CPU.ActiveCfg = Release|Any CPU
		{2BC7E1E5-F27C-495E-9702-80E8BBB098E5}.Release|Any CPU.Build.0 = Release|Any CPU
		{A0B9B3DC-2E0F-4303-B048-EED42FFB59EA}.Debug|Any CPU.ActiveCfg = Debug|Any CPU
		{A0B9B3DC-2E0F-4303-B048-EED42FFB59EA}.Debug|Any CPU.Build.0 = Debug|Any CPU
		{A0B9B3DC-2E0F-4303-B048-EED42FFB59EA}.Release|Any CPU.ActiveCfg = Release|Any CPU
		{A0B9B3DC-2E0F-4303-B048-EED42FFB59EA}.Release|Any CPU.Build.0 = Release|Any CPU
		{6CF4C342-B1C3-461D-99AE-A6176759291D}.Debug|Any CPU.ActiveCfg = Debug|Any CPU
		{6CF4C342-B1C3-461D-99AE-A6176759291D}.Debug|Any CPU.Build.0 = Debug|Any CPU
		{6CF4C342-B1C3-461D-99AE-A6176759291D}.Release|Any CPU.ActiveCfg = Release|Any CPU
		{6CF4C342-B1C3-461D-99AE-A6176759291D}.Release|Any CPU.Build.0 = Release|Any CPU
		{0E0125A9-AD96-4E99-9C50-E7410C899C98}.Debug|Any CPU.ActiveCfg = Debug|Any CPU
		{0E0125A9-AD96-4E99-9C50-E7410C899C98}.Debug|Any CPU.Build.0 = Debug|Any CPU
		{0E0125A9-AD96-4E99-9C50-E7410C899C98}.Release|Any CPU.ActiveCfg = Release|Any CPU
		{0E0125A9-AD96-4E99-9C50-E7410C899C98}.Release|Any CPU.Build.0 = Release|Any CPU
		{69E7A5E4-F638-4D30-A7FD-EA4777A8B345}.Debug|Any CPU.ActiveCfg = Debug|Any CPU
		{69E7A5E4-F638-4D30-A7FD-EA4777A8B345}.Debug|Any CPU.Build.0 = Debug|Any CPU
		{69E7A5E4-F638-4D30-A7FD-EA4777A8B345}.Release|Any CPU.ActiveCfg = Release|Any CPU
		{69E7A5E4-F638-4D30-A7FD-EA4777A8B345}.Release|Any CPU.Build.0 = Release|Any CPU
		{DCA697D0-EAA9-45C9-9B9D-F2B126FB36C8}.Debug|Any CPU.ActiveCfg = Debug|Any CPU
		{DCA697D0-EAA9-45C9-9B9D-F2B126FB36C8}.Debug|Any CPU.Build.0 = Debug|Any CPU
		{DCA697D0-EAA9-45C9-9B9D-F2B126FB36C8}.Release|Any CPU.ActiveCfg = Release|Any CPU
		{DCA697D0-EAA9-45C9-9B9D-F2B126FB36C8}.Release|Any CPU.Build.0 = Release|Any CPU
		{D73F76A4-F342-413E-9163-373297B51F09}.Debug|Any CPU.ActiveCfg = Debug|Any CPU
		{D73F76A4-F342-413E-9163-373297B51F09}.Debug|Any CPU.Build.0 = Debug|Any CPU
		{D73F76A4-F342-413E-9163-373297B51F09}.Release|Any CPU.ActiveCfg = Release|Any CPU
		{D73F76A4-F342-413E-9163-373297B51F09}.Release|Any CPU.Build.0 = Release|Any CPU
		{F714F29D-8CF7-439B-B6B3-C73E51E402F5}.Debug|Any CPU.ActiveCfg = Debug|Any CPU
		{F714F29D-8CF7-439B-B6B3-C73E51E402F5}.Debug|Any CPU.Build.0 = Debug|Any CPU
		{F714F29D-8CF7-439B-B6B3-C73E51E402F5}.Release|Any CPU.ActiveCfg = Release|Any CPU
		{F714F29D-8CF7-439B-B6B3-C73E51E402F5}.Release|Any CPU.Build.0 = Release|Any CPU
		{A06D7FAF-D6DE-4F16-8AD5-E4BEF401A5F4}.Debug|Any CPU.ActiveCfg = Debug|Any CPU
		{A06D7FAF-D6DE-4F16-8AD5-E4BEF401A5F4}.Debug|Any CPU.Build.0 = Debug|Any CPU
		{A06D7FAF-D6DE-4F16-8AD5-E4BEF401A5F4}.Release|Any CPU.ActiveCfg = Release|Any CPU
		{A06D7FAF-D6DE-4F16-8AD5-E4BEF401A5F4}.Release|Any CPU.Build.0 = Release|Any CPU
		{288041F2-D1C4-41CF-915B-E360261DAB07}.Debug|Any CPU.ActiveCfg = Debug|Any CPU
		{288041F2-D1C4-41CF-915B-E360261DAB07}.Debug|Any CPU.Build.0 = Debug|Any CPU
		{288041F2-D1C4-41CF-915B-E360261DAB07}.Release|Any CPU.ActiveCfg = Release|Any CPU
		{288041F2-D1C4-41CF-915B-E360261DAB07}.Release|Any CPU.Build.0 = Release|Any CPU
		{98463F87-5BCD-4D44-8FD5-B3A01675ADED}.Debug|Any CPU.ActiveCfg = Debug|Any CPU
		{98463F87-5BCD-4D44-8FD5-B3A01675ADED}.Debug|Any CPU.Build.0 = Debug|Any CPU
		{98463F87-5BCD-4D44-8FD5-B3A01675ADED}.Release|Any CPU.ActiveCfg = Release|Any CPU
		{98463F87-5BCD-4D44-8FD5-B3A01675ADED}.Release|Any CPU.Build.0 = Release|Any CPU
		{DC314BE9-2B9E-4AB5-A005-CCA3E0580CD3}.Debug|Any CPU.ActiveCfg = Debug|Any CPU
		{DC314BE9-2B9E-4AB5-A005-CCA3E0580CD3}.Debug|Any CPU.Build.0 = Debug|Any CPU
		{DC314BE9-2B9E-4AB5-A005-CCA3E0580CD3}.Release|Any CPU.ActiveCfg = Release|Any CPU
		{DC314BE9-2B9E-4AB5-A005-CCA3E0580CD3}.Release|Any CPU.Build.0 = Release|Any CPU
		{9A5084B0-216C-4964-9BD6-2619CDCF9561}.Debug|Any CPU.ActiveCfg = Debug|Any CPU
		{9A5084B0-216C-4964-9BD6-2619CDCF9561}.Debug|Any CPU.Build.0 = Debug|Any CPU
		{9A5084B0-216C-4964-9BD6-2619CDCF9561}.Release|Any CPU.ActiveCfg = Release|Any CPU
		{9A5084B0-216C-4964-9BD6-2619CDCF9561}.Release|Any CPU.Build.0 = Release|Any CPU
		{91F11E9E-2B46-4763-BCC9-51C7679DB366}.Debug|Any CPU.ActiveCfg = Debug|Any CPU
		{91F11E9E-2B46-4763-BCC9-51C7679DB366}.Debug|Any CPU.Build.0 = Debug|Any CPU
		{91F11E9E-2B46-4763-BCC9-51C7679DB366}.Release|Any CPU.ActiveCfg = Release|Any CPU
		{91F11E9E-2B46-4763-BCC9-51C7679DB366}.Release|Any CPU.Build.0 = Release|Any CPU
		{AAAEDA97-09B7-4CC5-A315-45F49A632061}.Debug|Any CPU.ActiveCfg = Debug|Any CPU
		{AAAEDA97-09B7-4CC5-A315-45F49A632061}.Debug|Any CPU.Build.0 = Debug|Any CPU
		{AAAEDA97-09B7-4CC5-A315-45F49A632061}.Release|Any CPU.ActiveCfg = Release|Any CPU
		{AAAEDA97-09B7-4CC5-A315-45F49A632061}.Release|Any CPU.Build.0 = Release|Any CPU
		{3ADFA94F-DB19-4DCE-9677-EB3713FF49A7}.Debug|Any CPU.ActiveCfg = Debug|Any CPU
		{3ADFA94F-DB19-4DCE-9677-EB3713FF49A7}.Debug|Any CPU.Build.0 = Debug|Any CPU
		{3ADFA94F-DB19-4DCE-9677-EB3713FF49A7}.Release|Any CPU.ActiveCfg = Release|Any CPU
		{3ADFA94F-DB19-4DCE-9677-EB3713FF49A7}.Release|Any CPU.Build.0 = Release|Any CPU
	EndGlobalSection
	GlobalSection(SolutionProperties) = preSolution
		HideSolutionNode = FALSE
	EndGlobalSection
EndGlobal
