
Microsoft Visual Studio Solution File, Format Version 12.00
# Visual Studio 14
VisualStudioVersion = 14.0.25420.1
MinimumVisualStudioVersion = 10.0.40219.1
Project("{FAE04EC0-301F-11D3-BF4B-00C04F79EFBC}") = "Char", "Char\Char.csproj", "{9CFEE76C-BB5A-42D4-9DF9-16E9ACBAEDD7}"
EndProject
Project("{FAE04EC0-301F-11D3-BF4B-00C04F79EFBC}") = "ReadKey", "Console.ReadKey\ReadKey.csproj", "{02D93780-4D3E-4FAC-92F5-50D456EA8609}"
EndProject
Global
	GlobalSection(SolutionConfigurationPlatforms) = preSolution
		Debug|Any CPU = Debug|Any CPU
		Release|Any CPU = Release|Any CPU
	EndGlobalSection
	GlobalSection(ProjectConfigurationPlatforms) = postSolution
		{9CFEE76C-BB5A-42D4-9DF9-16E9ACBAEDD7}.Debug|Any CPU.ActiveCfg = Debug|Any CPU
		{9CFEE76C-BB5A-42D4-9DF9-16E9ACBAEDD7}.Debug|Any CPU.Build.0 = Debug|Any CPU
		{9CFEE76C-BB5A-42D4-9DF9-16E9ACBAEDD7}.Release|Any CPU.ActiveCfg = Release|Any CPU
		{9CFEE76C-BB5A-42D4-9DF9-16E9ACBAEDD7}.Release|Any CPU.Build.0 = Release|Any CPU
		{02D93780-4D3E-4FAC-92F5-50D456EA8609}.Debug|Any CPU.ActiveCfg = Debug|Any CPU
		{02D93780-4D3E-4FAC-92F5-50D456EA8609}.Debug|Any CPU.Build.0 = Debug|Any CPU
		{02D93780-4D3E-4FAC-92F5-50D456EA8609}.Release|Any CPU.ActiveCfg = Release|Any CPU
		{02D93780-4D3E-4FAC-92F5-50D456EA8609}.Release|Any CPU.Build.0 = Release|Any CPU
	EndGlobalSection
	GlobalSection(SolutionProperties) = preSolution
		HideSolutionNode = FALSE
	EndGlobalSection
EndGlobal
